Microsoft Visual Studio Solution File, Format Version 12.00
# Visual Studio 15
VisualStudioVersion = 15.0.28010.2050
MinimumVisualStudioVersion = 10.0.40219.1
Project("{9A19103F-16F7-4668-BE54-9A1E7A4F7556}") = "Intech.PrevSystem.Saofrancisco.API", "Intech.PrevSystem.Saofrancisco.API\Intech.PrevSystem.Saofrancisco.API.csproj", "{FABB530A-DCCC-4567-8DF5-221D9A44AB39}"
EndProject
Project("{2150E333-8FDC-42A3-9474-1A3956D46DE8}") = "Sitema", "Sitema", "{29C18A67-2651-4148-AC1F-4FBB051F49C3}"
EndProject
Project("{D954291E-2A0B-460D-934E-DC6B0785DB48}") = "Intech.PrevSystem.API", "..\prevsystem\Intech.PrevSystem.API\Intech.PrevSystem.API.shproj", "{11D947CE-05E2-41DB-8687-640404E96EF0}"
EndProject
Project("{9A19103F-16F7-4668-BE54-9A1E7A4F7556}") = "Intech.PrevSystem.Entidades", "..\prevsystem\Intech.PrevSystem.Entidades\Intech.PrevSystem.Entidades.csproj", "{03310247-D78B-4C19-A0C4-34FE0A0BC5CC}"
EndProject
Project("{FAE04EC0-301F-11D3-BF4B-00C04F79EFBC}") = "OpenHtmlToPdf", "OpenHtmlToPdf\OpenHtmlToPdf.csproj", "{023DF833-B252-48B3-B6AF-DBBB13E39B13}"
EndProject
Project("{FAE04EC0-301F-11D3-BF4B-00C04F79EFBC}") = "OpenHtmlToPdf.WkHtmlToPdf", "OpenHtmlToPdf.WkHtmlToPdf\OpenHtmlToPdf.WkHtmlToPdf.csproj", "{0E796401-7020-4261-8D61-F18201B2706B}"
EndProject
Project("{2150E333-8FDC-42A3-9474-1A3956D46DE8}") = "Lib", "Lib", "{B9B9D00F-CF67-4A8D-B5B4-5E76C1ADE4F0}"
EndProject
Project("{9A19103F-16F7-4668-BE54-9A1E7A4F7556}") = "Intech.Lib.Dapper", "..\Intech.Lib\Intech.Lib.Dapper\Intech.Lib.Dapper.csproj", "{FC1824DF-5A52-4D42-919C-5EF4AC83DCAF}"
EndProject
Project("{9A19103F-16F7-4668-BE54-9A1E7A4F7556}") = "Intech.Lib.Util", "..\Intech.Lib\Intech.Lib.Util\Intech.Lib.Util.csproj", "{4BAC730E-A318-4F58-80C4-53BF4DBEF24C}"
EndProject
Project("{9A19103F-16F7-4668-BE54-9A1E7A4F7556}") = "Intech.Lib.Web", "..\Intech.Lib\Intech.Lib.Web\Intech.Lib.Web.csproj", "{31A85322-4F31-4C9B-B8BC-7B52F7481A8C}"
EndProject
Project("{9A19103F-16F7-4668-BE54-9A1E7A4F7556}") = "Intech.Lib.Email", "..\Intech.Lib\Intech.Lib.Email\Intech.Lib.Email.csproj", "{E039FAB6-203E-4314-892C-71846D8D0B76}"
EndProject
Project("{9A19103F-16F7-4668-BE54-9A1E7A4F7556}") = "Intech.Lib.SMS", "..\Intech.Lib\Intech.Lib.SMS\Intech.Lib.SMS.csproj", "{C86D787F-3E04-466F-B49C-B635316A25E6}"
EndProject
Project("{9A19103F-16F7-4668-BE54-9A1E7A4F7556}") = "Intech.PrevSystem.Negocio.Saofrancisco", "Intech.PrevSystem.Negocio.Saofrancisco\Intech.PrevSystem.Negocio.Saofrancisco.csproj", "{AA72439B-E3E9-4C28-A581-80E03D6B8587}"
EndProject
Project("{9A19103F-16F7-4668-BE54-9A1E7A4F7556}") = "Intech.Lib.JWT", "..\Intech.Lib\Intech.Lib.JWT\Intech.Lib.JWT.csproj", "{6BD840A0-D598-4B5B-AB72-7F16BCECCFB3}"
EndProject
Project("{9A19103F-16F7-4668-BE54-9A1E7A4F7556}") = "Intech.PrevSystem.Dados", "..\prevsystem\Intech.PrevSystem.Dados\Intech.PrevSystem.Dados.csproj", "{C5370871-D517-49FC-A61C-051B858A67A5}"
EndProject
Project("{9A19103F-16F7-4668-BE54-9A1E7A4F7556}") = "Intech.PrevSystem.Negocio", "..\prevsystem\Intech.PrevSystem.Negocio\Intech.PrevSystem.Negocio.csproj", "{E06A7855-907B-4391-AB5A-A372182F5B1C}"
EndProject
Global
	GlobalSection(SharedMSBuildProjectFiles) = preSolution
		..\prevsystem\Intech.PrevSystem.API\Intech.PrevSystem.API.projitems*{11d947ce-05e2-41db-8687-640404e96ef0}*SharedItemsImports = 13
	EndGlobalSection
	GlobalSection(SolutionConfigurationPlatforms) = preSolution
		Debug|Any CPU = Debug|Any CPU
		Debug|x64 = Debug|x64
		Debug|x86 = Debug|x86
		Release|Any CPU = Release|Any CPU
		Release|x64 = Release|x64
		Release|x86 = Release|x86
	EndGlobalSection
	GlobalSection(ProjectConfigurationPlatforms) = postSolution
		{FABB530A-DCCC-4567-8DF5-221D9A44AB39}.Debug|Any CPU.ActiveCfg = Debug|Any CPU
		{FABB530A-DCCC-4567-8DF5-221D9A44AB39}.Debug|Any CPU.Build.0 = Debug|Any CPU
		{FABB530A-DCCC-4567-8DF5-221D9A44AB39}.Debug|x64.ActiveCfg = Debug|Any CPU
		{FABB530A-DCCC-4567-8DF5-221D9A44AB39}.Debug|x64.Build.0 = Debug|Any CPU
		{FABB530A-DCCC-4567-8DF5-221D9A44AB39}.Debug|x86.ActiveCfg = Debug|Any CPU
		{FABB530A-DCCC-4567-8DF5-221D9A44AB39}.Debug|x86.Build.0 = Debug|Any CPU
		{FABB530A-DCCC-4567-8DF5-221D9A44AB39}.Release|Any CPU.ActiveCfg = Release|Any CPU
		{FABB530A-DCCC-4567-8DF5-221D9A44AB39}.Release|Any CPU.Build.0 = Release|Any CPU
		{FABB530A-DCCC-4567-8DF5-221D9A44AB39}.Release|x64.ActiveCfg = Release|Any CPU
		{FABB530A-DCCC-4567-8DF5-221D9A44AB39}.Release|x64.Build.0 = Release|Any CPU
		{FABB530A-DCCC-4567-8DF5-221D9A44AB39}.Release|x86.ActiveCfg = Release|Any CPU
		{FABB530A-DCCC-4567-8DF5-221D9A44AB39}.Release|x86.Build.0 = Release|Any CPU
		{03310247-D78B-4C19-A0C4-34FE0A0BC5CC}.Debug|Any CPU.ActiveCfg = Debug|Any CPU
		{03310247-D78B-4C19-A0C4-34FE0A0BC5CC}.Debug|Any CPU.Build.0 = Debug|Any CPU
		{03310247-D78B-4C19-A0C4-34FE0A0BC5CC}.Debug|x64.ActiveCfg = Debug|Any CPU
		{03310247-D78B-4C19-A0C4-34FE0A0BC5CC}.Debug|x64.Build.0 = Debug|Any CPU
		{03310247-D78B-4C19-A0C4-34FE0A0BC5CC}.Debug|x86.ActiveCfg = Debug|Any CPU
		{03310247-D78B-4C19-A0C4-34FE0A0BC5CC}.Debug|x86.Build.0 = Debug|Any CPU
		{03310247-D78B-4C19-A0C4-34FE0A0BC5CC}.Release|Any CPU.ActiveCfg = Release|Any CPU
		{03310247-D78B-4C19-A0C4-34FE0A0BC5CC}.Release|Any CPU.Build.0 = Release|Any CPU
		{03310247-D78B-4C19-A0C4-34FE0A0BC5CC}.Release|x64.ActiveCfg = Release|Any CPU
		{03310247-D78B-4C19-A0C4-34FE0A0BC5CC}.Release|x64.Build.0 = Release|Any CPU
		{03310247-D78B-4C19-A0C4-34FE0A0BC5CC}.Release|x86.ActiveCfg = Release|Any CPU
		{03310247-D78B-4C19-A0C4-34FE0A0BC5CC}.Release|x86.Build.0 = Release|Any CPU
		{023DF833-B252-48B3-B6AF-DBBB13E39B13}.Debug|Any CPU.ActiveCfg = Debug|Any CPU
		{023DF833-B252-48B3-B6AF-DBBB13E39B13}.Debug|Any CPU.Build.0 = Debug|Any CPU
		{023DF833-B252-48B3-B6AF-DBBB13E39B13}.Debug|x64.ActiveCfg = Debug|x64
		{023DF833-B252-48B3-B6AF-DBBB13E39B13}.Debug|x64.Build.0 = Debug|x64
		{023DF833-B252-48B3-B6AF-DBBB13E39B13}.Debug|x86.ActiveCfg = Debug|x86
		{023DF833-B252-48B3-B6AF-DBBB13E39B13}.Debug|x86.Build.0 = Debug|x86
		{023DF833-B252-48B3-B6AF-DBBB13E39B13}.Release|Any CPU.ActiveCfg = Release|Any CPU
		{023DF833-B252-48B3-B6AF-DBBB13E39B13}.Release|Any CPU.Build.0 = Release|Any CPU
		{023DF833-B252-48B3-B6AF-DBBB13E39B13}.Release|x64.ActiveCfg = Release|x64
		{023DF833-B252-48B3-B6AF-DBBB13E39B13}.Release|x64.Build.0 = Release|x64
		{023DF833-B252-48B3-B6AF-DBBB13E39B13}.Release|x86.ActiveCfg = Release|x86
		{023DF833-B252-48B3-B6AF-DBBB13E39B13}.Release|x86.Build.0 = Release|x86
		{0E796401-7020-4261-8D61-F18201B2706B}.Debug|Any CPU.ActiveCfg = Debug|Any CPU
		{0E796401-7020-4261-8D61-F18201B2706B}.Debug|Any CPU.Build.0 = Debug|Any CPU
		{0E796401-7020-4261-8D61-F18201B2706B}.Debug|x64.ActiveCfg = Debug|Any CPU
		{0E796401-7020-4261-8D61-F18201B2706B}.Debug|x64.Build.0 = Debug|Any CPU
		{0E796401-7020-4261-8D61-F18201B2706B}.Debug|x86.ActiveCfg = Debug|Any CPU
		{0E796401-7020-4261-8D61-F18201B2706B}.Debug|x86.Build.0 = Debug|Any CPU
		{0E796401-7020-4261-8D61-F18201B2706B}.Release|Any CPU.ActiveCfg = Release|Any CPU
		{0E796401-7020-4261-8D61-F18201B2706B}.Release|Any CPU.Build.0 = Release|Any CPU
		{0E796401-7020-4261-8D61-F18201B2706B}.Release|x64.ActiveCfg = Release|Any CPU
		{0E796401-7020-4261-8D61-F18201B2706B}.Release|x64.Build.0 = Release|Any CPU
		{0E796401-7020-4261-8D61-F18201B2706B}.Release|x86.ActiveCfg = Release|Any CPU
		{0E796401-7020-4261-8D61-F18201B2706B}.Release|x86.Build.0 = Release|Any CPU
		{FC1824DF-5A52-4D42-919C-5EF4AC83DCAF}.Debug|Any CPU.ActiveCfg = Debug|Any CPU
		{FC1824DF-5A52-4D42-919C-5EF4AC83DCAF}.Debug|Any CPU.Build.0 = Debug|Any CPU
		{FC1824DF-5A52-4D42-919C-5EF4AC83DCAF}.Debug|x64.ActiveCfg = Debug|Any CPU
		{FC1824DF-5A52-4D42-919C-5EF4AC83DCAF}.Debug|x64.Build.0 = Debug|Any CPU
		{FC1824DF-5A52-4D42-919C-5EF4AC83DCAF}.Debug|x86.ActiveCfg = Debug|Any CPU
		{FC1824DF-5A52-4D42-919C-5EF4AC83DCAF}.Debug|x86.Build.0 = Debug|Any CPU
		{FC1824DF-5A52-4D42-919C-5EF4AC83DCAF}.Release|Any CPU.ActiveCfg = Release|Any CPU
		{FC1824DF-5A52-4D42-919C-5EF4AC83DCAF}.Release|Any CPU.Build.0 = Release|Any CPU
		{FC1824DF-5A52-4D42-919C-5EF4AC83DCAF}.Release|x64.ActiveCfg = Release|Any CPU
		{FC1824DF-5A52-4D42-919C-5EF4AC83DCAF}.Release|x64.Build.0 = Release|Any CPU
		{FC1824DF-5A52-4D42-919C-5EF4AC83DCAF}.Release|x86.ActiveCfg = Release|Any CPU
		{FC1824DF-5A52-4D42-919C-5EF4AC83DCAF}.Release|x86.Build.0 = Release|Any CPU
		{4BAC730E-A318-4F58-80C4-53BF4DBEF24C}.Debug|Any CPU.ActiveCfg = Debug|Any CPU
		{4BAC730E-A318-4F58-80C4-53BF4DBEF24C}.Debug|Any CPU.Build.0 = Debug|Any CPU
		{4BAC730E-A318-4F58-80C4-53BF4DBEF24C}.Debug|x64.ActiveCfg = Debug|Any CPU
		{4BAC730E-A318-4F58-80C4-53BF4DBEF24C}.Debug|x64.Build.0 = Debug|Any CPU
		{4BAC730E-A318-4F58-80C4-53BF4DBEF24C}.Debug|x86.ActiveCfg = Debug|Any CPU
		{4BAC730E-A318-4F58-80C4-53BF4DBEF24C}.Debug|x86.Build.0 = Debug|Any CPU
		{4BAC730E-A318-4F58-80C4-53BF4DBEF24C}.Release|Any CPU.ActiveCfg = Release|Any CPU
		{4BAC730E-A318-4F58-80C4-53BF4DBEF24C}.Release|Any CPU.Build.0 = Release|Any CPU
		{4BAC730E-A318-4F58-80C4-53BF4DBEF24C}.Release|x64.ActiveCfg = Release|Any CPU
		{4BAC730E-A318-4F58-80C4-53BF4DBEF24C}.Release|x64.Build.0 = Release|Any CPU
		{4BAC730E-A318-4F58-80C4-53BF4DBEF24C}.Release|x86.ActiveCfg = Release|Any CPU
		{4BAC730E-A318-4F58-80C4-53BF4DBEF24C}.Release|x86.Build.0 = Release|Any CPU
		{31A85322-4F31-4C9B-B8BC-7B52F7481A8C}.Debug|Any CPU.ActiveCfg = Debug|Any CPU
		{31A85322-4F31-4C9B-B8BC-7B52F7481A8C}.Debug|Any CPU.Build.0 = Debug|Any CPU
		{31A85322-4F31-4C9B-B8BC-7B52F7481A8C}.Debug|x64.ActiveCfg = Debug|Any CPU
		{31A85322-4F31-4C9B-B8BC-7B52F7481A8C}.Debug|x64.Build.0 = Debug|Any CPU
		{31A85322-4F31-4C9B-B8BC-7B52F7481A8C}.Debug|x86.ActiveCfg = Debug|Any CPU
		{31A85322-4F31-4C9B-B8BC-7B52F7481A8C}.Debug|x86.Build.0 = Debug|Any CPU
		{31A85322-4F31-4C9B-B8BC-7B52F7481A8C}.Release|Any CPU.ActiveCfg = Release|Any CPU
		{31A85322-4F31-4C9B-B8BC-7B52F7481A8C}.Release|Any CPU.Build.0 = Release|Any CPU
		{31A85322-4F31-4C9B-B8BC-7B52F7481A8C}.Release|x64.ActiveCfg = Release|Any CPU
		{31A85322-4F31-4C9B-B8BC-7B52F7481A8C}.Release|x64.Build.0 = Release|Any CPU
		{31A85322-4F31-4C9B-B8BC-7B52F7481A8C}.Release|x86.ActiveCfg = Release|Any CPU
		{31A85322-4F31-4C9B-B8BC-7B52F7481A8C}.Release|x86.Build.0 = Release|Any CPU
		{E039FAB6-203E-4314-892C-71846D8D0B76}.Debug|Any CPU.ActiveCfg = Debug|Any CPU
		{E039FAB6-203E-4314-892C-71846D8D0B76}.Debug|Any CPU.Build.0 = Debug|Any CPU
		{E039FAB6-203E-4314-892C-71846D8D0B76}.Debug|x64.ActiveCfg = Debug|Any CPU
		{E039FAB6-203E-4314-892C-71846D8D0B76}.Debug|x64.Build.0 = Debug|Any CPU
		{E039FAB6-203E-4314-892C-71846D8D0B76}.Debug|x86.ActiveCfg = Debug|Any CPU
		{E039FAB6-203E-4314-892C-71846D8D0B76}.Debug|x86.Build.0 = Debug|Any CPU
		{E039FAB6-203E-4314-892C-71846D8D0B76}.Release|Any CPU.ActiveCfg = Release|Any CPU
		{E039FAB6-203E-4314-892C-71846D8D0B76}.Release|Any CPU.Build.0 = Release|Any CPU
		{E039FAB6-203E-4314-892C-71846D8D0B76}.Release|x64.ActiveCfg = Release|Any CPU
		{E039FAB6-203E-4314-892C-71846D8D0B76}.Release|x64.Build.0 = Release|Any CPU
		{E039FAB6-203E-4314-892C-71846D8D0B76}.Release|x86.ActiveCfg = Release|Any CPU
		{E039FAB6-203E-4314-892C-71846D8D0B76}.Release|x86.Build.0 = Release|Any CPU
		{C86D787F-3E04-466F-B49C-B635316A25E6}.Debug|Any CPU.ActiveCfg = Debug|Any CPU
		{C86D787F-3E04-466F-B49C-B635316A25E6}.Debug|Any CPU.Build.0 = Debug|Any CPU
		{C86D787F-3E04-466F-B49C-B635316A25E6}.Debug|x64.ActiveCfg = Debug|Any CPU
		{C86D787F-3E04-466F-B49C-B635316A25E6}.Debug|x64.Build.0 = Debug|Any CPU
		{C86D787F-3E04-466F-B49C-B635316A25E6}.Debug|x86.ActiveCfg = Debug|Any CPU
		{C86D787F-3E04-466F-B49C-B635316A25E6}.Debug|x86.Build.0 = Debug|Any CPU
		{C86D787F-3E04-466F-B49C-B635316A25E6}.Release|Any CPU.ActiveCfg = Release|Any CPU
		{C86D787F-3E04-466F-B49C-B635316A25E6}.Release|Any CPU.Build.0 = Release|Any CPU
		{C86D787F-3E04-466F-B49C-B635316A25E6}.Release|x64.ActiveCfg = Release|Any CPU
		{C86D787F-3E04-466F-B49C-B635316A25E6}.Release|x64.Build.0 = Release|Any CPU
		{C86D787F-3E04-466F-B49C-B635316A25E6}.Release|x86.ActiveCfg = Release|Any CPU
		{C86D787F-3E04-466F-B49C-B635316A25E6}.Release|x86.Build.0 = Release|Any CPU
		{AA72439B-E3E9-4C28-A581-80E03D6B8587}.Debug|Any CPU.ActiveCfg = Debug|Any CPU
		{AA72439B-E3E9-4C28-A581-80E03D6B8587}.Debug|Any CPU.Build.0 = Debug|Any CPU
		{AA72439B-E3E9-4C28-A581-80E03D6B8587}.Debug|x64.ActiveCfg = Debug|Any CPU
		{AA72439B-E3E9-4C28-A581-80E03D6B8587}.Debug|x64.Build.0 = Debug|Any CPU
		{AA72439B-E3E9-4C28-A581-80E03D6B8587}.Debug|x86.ActiveCfg = Debug|Any CPU
		{AA72439B-E3E9-4C28-A581-80E03D6B8587}.Debug|x86.Build.0 = Debug|Any CPU
		{AA72439B-E3E9-4C28-A581-80E03D6B8587}.Release|Any CPU.ActiveCfg = Release|Any CPU
		{AA72439B-E3E9-4C28-A581-80E03D6B8587}.Release|Any CPU.Build.0 = Release|Any CPU
		{AA72439B-E3E9-4C28-A581-80E03D6B8587}.Release|x64.ActiveCfg = Release|Any CPU
		{AA72439B-E3E9-4C28-A581-80E03D6B8587}.Release|x64.Build.0 = Release|Any CPU
		{AA72439B-E3E9-4C28-A581-80E03D6B8587}.Release|x86.ActiveCfg = Release|Any CPU
		{AA72439B-E3E9-4C28-A581-80E03D6B8587}.Release|x86.Build.0 = Release|Any CPU
		{6BD840A0-D598-4B5B-AB72-7F16BCECCFB3}.Debug|Any CPU.ActiveCfg = Debug|Any CPU
		{6BD840A0-D598-4B5B-AB72-7F16BCECCFB3}.Debug|Any CPU.Build.0 = Debug|Any CPU
		{6BD840A0-D598-4B5B-AB72-7F16BCECCFB3}.Debug|x64.ActiveCfg = Debug|Any CPU
		{6BD840A0-D598-4B5B-AB72-7F16BCECCFB3}.Debug|x64.Build.0 = Debug|Any CPU
		{6BD840A0-D598-4B5B-AB72-7F16BCECCFB3}.Debug|x86.ActiveCfg = Debug|Any CPU
		{6BD840A0-D598-4B5B-AB72-7F16BCECCFB3}.Debug|x86.Build.0 = Debug|Any CPU
		{6BD840A0-D598-4B5B-AB72-7F16BCECCFB3}.Release|Any CPU.ActiveCfg = Release|Any CPU
		{6BD840A0-D598-4B5B-AB72-7F16BCECCFB3}.Release|Any CPU.Build.0 = Release|Any CPU
		{6BD840A0-D598-4B5B-AB72-7F16BCECCFB3}.Release|x64.ActiveCfg = Release|Any CPU
		{6BD840A0-D598-4B5B-AB72-7F16BCECCFB3}.Release|x64.Build.0 = Release|Any CPU
		{6BD840A0-D598-4B5B-AB72-7F16BCECCFB3}.Release|x86.ActiveCfg = Release|Any CPU
		{6BD840A0-D598-4B5B-AB72-7F16BCECCFB3}.Release|x86.Build.0 = Release|Any CPU
		{C5370871-D517-49FC-A61C-051B858A67A5}.Debug|Any CPU.ActiveCfg = Debug|Any CPU
		{C5370871-D517-49FC-A61C-051B858A67A5}.Debug|Any CPU.Build.0 = Debug|Any CPU
		{C5370871-D517-49FC-A61C-051B858A67A5}.Debug|x64.ActiveCfg = Debug|Any CPU
		{C5370871-D517-49FC-A61C-051B858A67A5}.Debug|x64.Build.0 = Debug|Any CPU
		{C5370871-D517-49FC-A61C-051B858A67A5}.Debug|x86.ActiveCfg = Debug|Any CPU
		{C5370871-D517-49FC-A61C-051B858A67A5}.Debug|x86.Build.0 = Debug|Any CPU
		{C5370871-D517-49FC-A61C-051B858A67A5}.Release|Any CPU.ActiveCfg = Release|Any CPU
		{C5370871-D517-49FC-A61C-051B858A67A5}.Release|Any CPU.Build.0 = Release|Any CPU
		{C5370871-D517-49FC-A61C-051B858A67A5}.Release|x64.ActiveCfg = Release|Any CPU
		{C5370871-D517-49FC-A61C-051B858A67A5}.Release|x64.Build.0 = Release|Any CPU
		{C5370871-D517-49FC-A61C-051B858A67A5}.Release|x86.ActiveCfg = Release|Any CPU
		{C5370871-D517-49FC-A61C-051B858A67A5}.Release|x86.Build.0 = Release|Any CPU
		{E06A7855-907B-4391-AB5A-A372182F5B1C}.Debug|Any CPU.ActiveCfg = Debug|Any CPU
		{E06A7855-907B-4391-AB5A-A372182F5B1C}.Debug|Any CPU.Build.0 = Debug|Any CPU
		{E06A7855-907B-4391-AB5A-A372182F5B1C}.Debug|x64.ActiveCfg = Debug|Any CPU
		{E06A7855-907B-4391-AB5A-A372182F5B1C}.Debug|x64.Build.0 = Debug|Any CPU
		{E06A7855-907B-4391-AB5A-A372182F5B1C}.Debug|x86.ActiveCfg = Debug|Any CPU
		{E06A7855-907B-4391-AB5A-A372182F5B1C}.Debug|x86.Build.0 = Debug|Any CPU
		{E06A7855-907B-4391-AB5A-A372182F5B1C}.Release|Any CPU.ActiveCfg = Release|Any CPU
		{E06A7855-907B-4391-AB5A-A372182F5B1C}.Release|Any CPU.Build.0 = Release|Any CPU
		{E06A7855-907B-4391-AB5A-A372182F5B1C}.Release|x64.ActiveCfg = Release|Any CPU
		{E06A7855-907B-4391-AB5A-A372182F5B1C}.Release|x64.Build.0 = Release|Any CPU
		{E06A7855-907B-4391-AB5A-A372182F5B1C}.Release|x86.ActiveCfg = Release|Any CPU
		{E06A7855-907B-4391-AB5A-A372182F5B1C}.Release|x86.Build.0 = Release|Any CPU
	EndGlobalSection
	GlobalSection(SolutionProperties) = preSolution
		HideSolutionNode = FALSE
	EndGlobalSection
	GlobalSection(NestedProjects) = preSolution
		{11D947CE-05E2-41DB-8687-640404E96EF0} = {29C18A67-2651-4148-AC1F-4FBB051F49C3}
		{03310247-D78B-4C19-A0C4-34FE0A0BC5CC} = {29C18A67-2651-4148-AC1F-4FBB051F49C3}
		{FC1824DF-5A52-4D42-919C-5EF4AC83DCAF} = {B9B9D00F-CF67-4A8D-B5B4-5E76C1ADE4F0}
		{4BAC730E-A318-4F58-80C4-53BF4DBEF24C} = {B9B9D00F-CF67-4A8D-B5B4-5E76C1ADE4F0}
		{31A85322-4F31-4C9B-B8BC-7B52F7481A8C} = {B9B9D00F-CF67-4A8D-B5B4-5E76C1ADE4F0}
		{E039FAB6-203E-4314-892C-71846D8D0B76} = {B9B9D00F-CF67-4A8D-B5B4-5E76C1ADE4F0}
		{C86D787F-3E04-466F-B49C-B635316A25E6} = {B9B9D00F-CF67-4A8D-B5B4-5E76C1ADE4F0}
		{6BD840A0-D598-4B5B-AB72-7F16BCECCFB3} = {B9B9D00F-CF67-4A8D-B5B4-5E76C1ADE4F0}
		{C5370871-D517-49FC-A61C-051B858A67A5} = {29C18A67-2651-4148-AC1F-4FBB051F49C3}
		{E06A7855-907B-4391-AB5A-A372182F5B1C} = {29C18A67-2651-4148-AC1F-4FBB051F49C3}
	EndGlobalSection
	GlobalSection(ExtensibilityGlobals) = postSolution
		SolutionGuid = {D6715B33-484B-478C-B1B8-C13B73ED3938}
	EndGlobalSection
EndGlobal
